
Microsoft Visual Studio Solution File, Format Version 12.00
# Visual Studio Version 17
VisualStudioVersion = 17.0.31903.59
MinimumVisualStudioVersion = 10.0.40219.1
Project("{FAE04EC0-301F-11D3-BF4B-00C04F79EFBC}") = "Id22", "Id22\Id22.csproj", "{954814B2-8CEF-461A-990A-BFB8B42D1208}"
EndProject
Project("{FAE04EC0-301F-11D3-BF4B-00C04F79EFBC}") = "Id22.EntityFrameworkCore", "Id22.EntityFrameworkCore\Id22.EntityFrameworkCore.csproj", "{09FF33C5-77CF-4318-9076-522FC8739394}"
EndProject
Global
	GlobalSection(SolutionConfigurationPlatforms) = preSolution
		Debug|Any CPU = Debug|Any CPU
		Release|Any CPU = Release|Any CPU
	EndGlobalSection
	GlobalSection(SolutionProperties) = preSolution
		HideSolutionNode = FALSE
	EndGlobalSection
	GlobalSection(ProjectConfigurationPlatforms) = postSolution
		{954814B2-8CEF-461A-990A-BFB8B42D1208}.Debug|Any CPU.ActiveCfg = Debug|Any CPU
		{954814B2-8CEF-461A-990A-BFB8B42D1208}.Debug|Any CPU.Build.0 = Debug|Any CPU
		{954814B2-8CEF-461A-990A-BFB8B42D1208}.Release|Any CPU.ActiveCfg = Release|Any CPU
		{954814B2-8CEF-461A-990A-BFB8B42D1208}.Release|Any CPU.Build.0 = Release|Any CPU
		{09FF33C5-77CF-4318-9076-522FC8739394}.Debug|Any CPU.ActiveCfg = Debug|Any CPU
		{09FF33C5-77CF-4318-9076-522FC8739394}.Debug|Any CPU.Build.0 = Debug|Any CPU
		{09FF33C5-77CF-4318-9076-522FC8739394}.Release|Any CPU.ActiveCfg = Release|Any CPU
		{09FF33C5-77CF-4318-9076-522FC8739394}.Release|Any CPU.Build.0 = Release|Any CPU
		{2DF27F72-17FB-4929-88EB-A5F2ACD81A7F}.Debug|Any CPU.ActiveCfg = Debug|Any CPU
		{2DF27F72-17FB-4929-88EB-A5F2ACD81A7F}.Debug|Any CPU.Build.0 = Debug|Any CPU
		{2DF27F72-17FB-4929-88EB-A5F2ACD81A7F}.Release|Any CPU.ActiveCfg = Release|Any CPU
		{2DF27F72-17FB-4929-88EB-A5F2ACD81A7F}.Release|Any CPU.Build.0 = Release|Any CPU
	EndGlobalSection
EndGlobal
